
Microsoft Visual Studio Solution File, Format Version 12.00
# Visual Studio Version 16
VisualStudioVersion = 16.0.31112.23
MinimumVisualStudioVersion = 10.0.40219.1
Project("{FAE04EC0-301F-11D3-BF4B-00C04F79EFBC}") = "PickRandomCards", "PickRandomCards\PickRandomCards.csproj", "{29793E8C-B73C-4421-8B15-9AF3C3364D0A}"
EndProject
Global
	GlobalSection(SolutionConfigurationPlatforms) = preSolution
		Debug|Any CPU = Debug|Any CPU
		Release|Any CPU = Release|Any CPU
	EndGlobalSection
	GlobalSection(ProjectConfigurationPlatforms) = postSolution
		{29793E8C-B73C-4421-8B15-9AF3C3364D0A}.Debug|Any CPU.ActiveCfg = Debug|Any CPU
		{29793E8C-B73C-4421-8B15-9AF3C3364D0A}.Debug|Any CPU.Build.0 = Debug|Any CPU
		{29793E8C-B73C-4421-8B15-9AF3C3364D0A}.Release|Any CPU.ActiveCfg = Release|Any CPU
		{29793E8C-B73C-4421-8B15-9AF3C3364D0A}.Release|Any CPU.Build.0 = Release|Any CPU
	EndGlobalSection
	GlobalSection(SolutionProperties) = preSolution
		HideSolutionNode = FALSE
	EndGlobalSection
	GlobalSection(ExtensibilityGlobals) = postSolution
		SolutionGuid = {773F067D-5092-4066-91EE-33FEB3669A21}
	EndGlobalSection
EndGlobal
